[[package]]
name = "bash-kernel"
version = "0.7.2"
description = "A bash kernel for Jupyter"
category = "main"
optional = false
python-versions = "*"

[package.dependencies]
pexpect = ">=4.0"

[[package]]
name = "pexpect"
version = "4.8.0"
description = "Pexpect allows easy control of interactive console applications."
category = "main"
optional = false
python-versions = "*"

[package.dependencies]
ptyprocess = ">=0.5"

[[package]]
name = "ptyprocess"
version = "0.7.0"
description = "Run a subprocess in a pseudo terminal"
category = "main"
optional = false
python-versions = "*"

[metadata]
lock-version = "1.1"
python-versions = "^3.9"
content-hash = "9769bed0d4c3a50772bc5583496188e8663f44567ba1b70a6ab9888c6c70aa5b"

[metadata.files]
bash-kernel = [
    {file = "bash_kernel-0.7.2-py2.py3-none-any.whl", hash = "sha256:4036f8c3bbd8a8570cb7b71a891e94b5cf5425c13467df879468a0e9b551b6b2"},
    {file = "bash_kernel-0.7.2.tar.gz", hash = "sha256:a08c84eddd8179de5234105821fd5cc210015671a0bd3cd0bc4f631c475e1670"},
]
pexpect = [
    {file = "pexpect-4.8.0-py2.py3-none-any.whl", hash = "sha256:0b48a55dcb3c05f3329815901ea4fc1537514d6ba867a152b581d69ae3710937"},
    {file = "pexpect-4.8.0.tar.gz", hash = "sha256:fc65a43959d153d0114afe13997d439c22823a27cefceb5ff35c2178c6784c0c"},
]
ptyprocess = [
    {file = "ptyprocess-0.7.0-py2.py3-none-any.whl", hash = "sha256:4b41f3967fce3af57cc7e94b888626c18bf37a083e3651ca8feeb66d492fef35"},
    {file = "ptyprocess-0.7.0.tar.gz", hash = "sha256:5c5d0a3b48ceee0b48485e0c26037c0acd7d29765ca3fbb5cb3831d347423220"},
]
